PODS:
  - AFNetworking (3.1.0):
    - AFNetworking/NSURLSession (= 3.1.0)
    - AFNetworking/Reachability (= 3.1.0)
    - AFNetworking/Security (= 3.1.0)
    - AFNetworking/Serialization (= 3.1.0)
    - AFNetworking/UIKit (= 3.1.0)
  - AFNetworking/NSURLSession (3.1.0):
    - AFNetworking/Reachability
    - AFNetworking/Security
    - AFNetworking/Serialization
  - AFNetworking/Reachability (3.1.0)
  - AFNetworking/Security (3.1.0)
  - AFNetworking/Serialization (3.1.0)
  - AFNetworking/UIKit (3.1.0):
    - AFNetworking/NSURLSession
  - JLRoutes (1.6)
  - VMaskTextField (1.0.8)
  - York (0.4.0):
    - JLRoutes (= 1.6)
    - VMaskTextField (= 1.0.8)
    - York/Collections (= 0.4.0)
    - York/Context (= 0.4.0)
    - York/DataSource (= 0.4.0)
    - York/DataSyncRules (= 0.4.0)
    - York/DeepLinkingNavigation (= 0.4.0)
    - York/Extensions (= 0.4.0)
    - York/FlowCoordinator (= 0.4.0)
    - York/Logging (= 0.4.0)
    - York/Networking (= 0.4.0)
    - York/Persistence (= 0.4.0)
    - York/Presenter (= 0.4.0)
    - York/StaticContent (= 0.4.0)
    - York/Transformer (= 0.4.0)
    - York/ViewComponents (= 0.4.0)
    - York/ViewController (= 0.4.0)
    - York/ViewDelegates (= 0.4.0)
    - York/Views (= 0.4.0)
  - York/Collections (0.4.0):
    - JLRoutes (= 1.6)
    - VMaskTextField (= 1.0.8)
  - York/Context (0.4.0):
    - JLRoutes (= 1.6)
    - VMaskTextField (= 1.0.8)
    - York/DataSyncRules
    - York/DeepLinkingNavigation
    - York/Logging
    - York/Persistence
  - York/DataSource (0.4.0):
    - JLRoutes (= 1.6)
    - VMaskTextField (= 1.0.8)
    - York/Extensions
    - York/Logging
    - York/Presenter
  - York/DataSyncRules (0.4.0):
    - JLRoutes (= 1.6)
    - VMaskTextField (= 1.0.8)
    - York/Extensions
    - York/Persistence
  - York/DeepLinkingNavigation (0.4.0):
    - JLRoutes (= 1.6)
    - VMaskTextField (= 1.0.8)
    - York/Extensions
    - York/Logging
  - York/Extensions (0.4.0):
    - JLRoutes (= 1.6)
    - VMaskTextField (= 1.0.8)
  - York/FlowCoordinator (0.4.0):
    - JLRoutes (= 1.6)
    - VMaskTextField (= 1.0.8)
  - York/Logging (0.4.0):
    - JLRoutes (= 1.6)
    - VMaskTextField (= 1.0.8)
  - York/Networking (0.4.0):
    - JLRoutes (= 1.6)
    - VMaskTextField (= 1.0.8)
  - York/Persistence (0.4.0):
    - JLRoutes (= 1.6)
    - VMaskTextField (= 1.0.8)
    - York/Logging
  - York/Presenter (0.4.0):
    - JLRoutes (= 1.6)
    - VMaskTextField (= 1.0.8)
  - York/StaticContent (0.4.0):
    - JLRoutes (= 1.6)
    - VMaskTextField (= 1.0.8)
  - York/Transformer (0.4.0):
    - JLRoutes (= 1.6)
    - VMaskTextField (= 1.0.8)
  - York/ViewComponents (0.4.0):
    - JLRoutes (= 1.6)
    - VMaskTextField (= 1.0.8)
    - York/Extensions
  - York/ViewController (0.4.0):
    - JLRoutes (= 1.6)
    - VMaskTextField (= 1.0.8)
    - York/Context
  - York/ViewDelegates (0.4.0):
    - JLRoutes (= 1.6)
    - VMaskTextField (= 1.0.8)
  - York/Views (0.4.0):
    - JLRoutes (= 1.6)
    - VMaskTextField (= 1.0.8)
    - York/Extensions
    - York/Presenter

DEPENDENCIES:
  - AFNetworking (= 3.1.0)
  - York (from `../`)

EXTERNAL SOURCES:
  York:
    :path: "../"

SPEC CHECKSUMS:
  AFNetworking: 5e0e199f73d8626b11e79750991f5d173d1f8b67
  JLRoutes: 435d791422e96c9b9b5e1c4db1aedb3ae1b1a08f
  VMaskTextField: e77fe33633f999c5c38e70bed0afece0625624a4
  York: e1fd0a67ef3a23af82142d3bca6aa1aea3770b49

PODFILE CHECKSUM: 54c15cc5c28c325376fa0ad0f82d5ba2243d7224

COCOAPODS: 1.1.0
