PODS:
  - CocoaLumberjack/Core (2.2.0)
  - CocoaLumberjack/Default (2.2.0):
    - CocoaLumberjack/Core
  - CocoaLumberjack/Extensions (2.2.0):
    - CocoaLumberjack/Default
  - CocoaLumberjack/Swift (2.2.0):
    - CocoaLumberjack/Extensions
  - JLRoutes (1.6)
  - York (0.2.0):
    - CocoaLumberjack/Swift (= 2.2.0)
    - JLRoutes (= 1.6)
    - York-Swift-Try-Catch (= 0.1.1)
  - York-Swift-Try-Catch (0.1.1)

DEPENDENCIES:
  - York (from `../`)

EXTERNAL SOURCES:
  York:
    :path: ../

SPEC CHECKSUMS:
  CocoaLumberjack: 17fe8581f84914d5d7e6360f7c70022b173c3ae0
  JLRoutes: 435d791422e96c9b9b5e1c4db1aedb3ae1b1a08f
  York: 12b03915babeb796adcc919b181917e595fd65f7
  York-Swift-Try-Catch: ac0d410504c56c181ee40404e95ea835a817e7b6

COCOAPODS: 0.39.0
