// !$*UTF8*$!
{
	archiveVersion = 1;
	classes = {
	};
	objectVersion = 46;
	objects = {

/* Begin PBXBuildFile section */
		3401A7551CD93D0900F6FEE6 /* UINavigationControllerExtensionTests.swift in Sources */ = {isa = PBXBuildFile; fileRef = 3401A7541CD93D0900F6FEE6 /* UINavigationControllerExtensionTests.swift */; };
		345EEB921CD7268F009FECEA /* CollectionViewFetcherDataSourceTestsCnt2.swift in Sources */ = {isa = PBXBuildFile; fileRef = 345EEB911CD7268F009FECEA /* CollectionViewFetcherDataSourceTestsCnt2.swift */; };
		345EEB941CD72872009FECEA /* CollectionViewFetcherDataSourceTestsCnt.swift in Sources */ = {isa = PBXBuildFile; fileRef = 345EEB931CD72872009FECEA /* CollectionViewFetcherDataSourceTestsCnt.swift */; };
		345EEB961CD729BD009FECEA /* TableViewFetcherDataSourceTestsCnt.swift in Sources */ = {isa = PBXBuildFile; fileRef = 345EEB951CD729BD009FECEA /* TableViewFetcherDataSourceTestsCnt.swift */; };
		346C8DDF1CD57FF000F1F831 /* TestLogProvider.swift in Sources */ = {isa = PBXBuildFile; fileRef = 346C8DDE1CD57FF000F1F831 /* TestLogProvider.swift */; };
		346C8DE11CD62F0B00F1F831 /* ErrorProneFetcherDataSource.swift in Sources */ = {isa = PBXBuildFile; fileRef = 346C8DE01CD62F0B00F1F831 /* ErrorProneFetcherDataSource.swift */; };
		346C8DE41CD6362400F1F831 /* ErrorProneFetchedResultsController.swift in Sources */ = {isa = PBXBuildFile; fileRef = 346C8DE31CD6362400F1F831 /* ErrorProneFetchedResultsController.swift */; };
		346C8DEA1CD6B77400F1F831 /* PresentationPathTests.swift in Sources */ = {isa = PBXBuildFile; fileRef = 346C8DE91CD6B77400F1F831 /* PresentationPathTests.swift */; };
		34AAB9971CCFD4C600E0CE0F /* CoreDataUtil.swift in Sources */ = {isa = PBXBuildFile; fileRef = 34AAB9961CCFD4C600E0CE0F /* CoreDataUtil.swift */; };
		34AAB9991CCFFAA200E0CE0F /* TestsCollectionView.swift in Sources */ = {isa = PBXBuildFile; fileRef = 34AAB9981CCFFAA200E0CE0F /* TestsCollectionView.swift */; };
		34B76E3D1CEA0F0C00A72C31 /* ArrayDataSourceTests.swift in Sources */ = {isa = PBXBuildFile; fileRef = 34B76E3C1CEA0F0C00A72C31 /* ArrayDataSourceTests.swift */; };
		34B76E3F1CEA17ED00A72C31 /* StringExtensionsTests.swift in Sources */ = {isa = PBXBuildFile; fileRef = 34B76E3E1CEA17ED00A72C31 /* StringExtensionsTests.swift */; };
		34B76E431CEAB06000A72C31 /* BaseTabBarControllerTests.swift in Sources */ = {isa = PBXBuildFile; fileRef = 34B76E421CEAB06000A72C31 /* BaseTabBarControllerTests.swift */; };
		34C5BD281CC94BF400898F0B /* NSManagedObjectExtensionTests.swift in Sources */ = {isa = PBXBuildFile; fileRef = 34C5BD271CC94BF400898F0B /* NSManagedObjectExtensionTests.swift */; };
		34C91A601CC342750033AC8B /* default-avatar.png in Resources */ = {isa = PBXBuildFile; fileRef = 34C91A261CC342750033AC8B /* default-avatar.png */; };
		34C91A611CC342750033AC8B /* Localizable.strings in Resources */ = {isa = PBXBuildFile; fileRef = 34C91A271CC342750033AC8B /* Localizable.strings */; };
		34C91A621CC342750033AC8B /* TestStoryboard.storyboard in Resources */ = {isa = PBXBuildFile; fileRef = 34C91A281CC342750033AC8B /* TestStoryboard.storyboard */; };
		34C91A631CC342750033AC8B /* FetchedResultsSectionInfo.swift in Sources */ = {isa = PBXBuildFile; fileRef = 34C91A2C1CC342750033AC8B /* FetchedResultsSectionInfo.swift */; };
		34C91A641CC342750033AC8B /* TableViewCell.swift in Sources */ = {isa = PBXBuildFile; fileRef = 34C91A2E1CC342750033AC8B /* TableViewCell.swift */; };
		34C91A651CC342750033AC8B /* TableViewCell.xib in Resources */ = {isa = PBXBuildFile; fileRef = 34C91A2F1CC342750033AC8B /* TableViewCell.xib */; };
		34C91A661CC342750033AC8B /* TestUtil.swift in Sources */ = {isa = PBXBuildFile; fileRef = 34C91A301CC342750033AC8B /* TestUtil.swift */; };
		34C91A671CC342750033AC8B /* TestBaseDataBasedViewController.swift in Sources */ = {isa = PBXBuildFile; fileRef = 34C91A321CC342750033AC8B /* TestBaseDataBasedViewController.swift */; };
		34C91A681CC342750033AC8B /* TestBaseTableViewController.swift in Sources */ = {isa = PBXBuildFile; fileRef = 34C91A331CC342750033AC8B /* TestBaseTableViewController.swift */; };
		34C91A691CC342750033AC8B /* TestBaseViewController.swift in Sources */ = {isa = PBXBuildFile; fileRef = 34C91A341CC342750033AC8B /* TestBaseViewController.swift */; };
		34C91A6A1CC342750033AC8B /* TestClassicTableViewController.swift in Sources */ = {isa = PBXBuildFile; fileRef = 34C91A351CC342750033AC8B /* TestClassicTableViewController.swift */; };
		34C91A6B1CC342750033AC8B /* SimpleViewComponent.swift in Sources */ = {isa = PBXBuildFile; fileRef = 34C91A371CC342750033AC8B /* SimpleViewComponent.swift */; };
		34C91A6C1CC342750033AC8B /* SimpleViewComponent.xib in Resources */ = {isa = PBXBuildFile; fileRef = 34C91A381CC342750033AC8B /* SimpleViewComponent.xib */; };
		34C91A6D1CC342750033AC8B /* TestsTableView.swift in Sources */ = {isa = PBXBuildFile; fileRef = 34C91A391CC342750033AC8B /* TestsTableView.swift */; };
		34C91A6E1CC342750033AC8B /* AppContextTests.swift in Sources */ = {isa = PBXBuildFile; fileRef = 34C91A3C1CC342750033AC8B /* AppContextTests.swift */; };
		34C91A6F1CC342750033AC8B /* DataSyncDailyRulesTests.swift in Sources */ = {isa = PBXBuildFile; fileRef = 34C91A3E1CC342750033AC8B /* DataSyncDailyRulesTests.swift */; };
		34C91A701CC342750033AC8B /* DataSyncHourlyRulesTests.swift in Sources */ = {isa = PBXBuildFile; fileRef = 34C91A3F1CC342750033AC8B /* DataSyncHourlyRulesTests.swift */; };
		34C91A711CC342750033AC8B /* EntityBaseSyncRulesTests.swift in Sources */ = {isa = PBXBuildFile; fileRef = 34C91A411CC342750033AC8B /* EntityBaseSyncRulesTests.swift */; };
		34C91A721CC342750033AC8B /* EntityDailySyncRuleTests.swift in Sources */ = {isa = PBXBuildFile; fileRef = 34C91A421CC342750033AC8B /* EntityDailySyncRuleTests.swift */; };
		34C91A731CC342750033AC8B /* EntityHourlySyncRuleTests.swift in Sources */ = {isa = PBXBuildFile; fileRef = 34C91A431CC342750033AC8B /* EntityHourlySyncRuleTests.swift */; };
		34C91A741CC342750033AC8B /* EntitySyncHistoryTests.swift in Sources */ = {isa = PBXBuildFile; fileRef = 34C91A441CC342750033AC8B /* EntitySyncHistoryTests.swift */; };
		34C91A751CC342750033AC8B /* NavigationRouterTests.swift in Sources */ = {isa = PBXBuildFile; fileRef = 34C91A461CC342750033AC8B /* NavigationRouterTests.swift */; };
		34C91A761CC342750033AC8B /* RoutingElementTests.swift in Sources */ = {isa = PBXBuildFile; fileRef = 34C91A471CC342750033AC8B /* RoutingElementTests.swift */; };
		34C91A771CC342750033AC8B /* NSObjectExtensionsTests.swift in Sources */ = {isa = PBXBuildFile; fileRef = 34C91A491CC342750033AC8B /* NSObjectExtensionsTests.swift */; };
		34C91A781CC342750033AC8B /* UIImageExtensionTests.swift in Sources */ = {isa = PBXBuildFile; fileRef = 34C91A4A1CC342750033AC8B /* UIImageExtensionTests.swift */; };
		34C91A791CC342750033AC8B /* LoggerTests.swift in Sources */ = {isa = PBXBuildFile; fileRef = 34C91A4C1CC342750033AC8B /* LoggerTests.swift */; };
		34C91A7A1CC342750033AC8B /* CoreDataStackTests.swift in Sources */ = {isa = PBXBuildFile; fileRef = 34C91A4E1CC342750033AC8B /* CoreDataStackTests.swift */; };
		34C91A7C1CC342750033AC8B /* TableViewCellPresenterTests.swift in Sources */ = {isa = PBXBuildFile; fileRef = 34C91A531CC342750033AC8B /* TableViewCellPresenterTests.swift */; };
		34C91A7D1CC342750033AC8B /* TableViewBlockDelegateTests.swift in Sources */ = {isa = PBXBuildFile; fileRef = 34C91A551CC342750033AC8B /* TableViewBlockDelegateTests.swift */; };
		34C91A7E1CC342750033AC8B /* BaseDataBasedViewControllerTests.swift in Sources */ = {isa = PBXBuildFile; fileRef = 34C91A571CC342750033AC8B /* BaseDataBasedViewControllerTests.swift */; };
		34C91A7F1CC342750033AC8B /* BaseTableViewControllerTests.swift in Sources */ = {isa = PBXBuildFile; fileRef = 34C91A581CC342750033AC8B /* BaseTableViewControllerTests.swift */; };
		34C91A801CC342750033AC8B /* TestBaseDataBasedViewControllerTests.swift in Sources */ = {isa = PBXBuildFile; fileRef = 34C91A591CC342750033AC8B /* TestBaseDataBasedViewControllerTests.swift */; };
		34C91A811CC342750033AC8B /* TestBaseTableViewControllerTests.swift in Sources */ = {isa = PBXBuildFile; fileRef = 34C91A5A1CC342750033AC8B /* TestBaseTableViewControllerTests.swift */; };
		34C91A821CC342750033AC8B /* TestBaseViewControllerTests.swift in Sources */ = {isa = PBXBuildFile; fileRef = 34C91A5B1CC342750033AC8B /* TestBaseViewControllerTests.swift */; };
		34C91A831CC342750033AC8B /* TestClassicTableViewControllerTests.swift in Sources */ = {isa = PBXBuildFile; fileRef = 34C91A5C1CC342750033AC8B /* TestClassicTableViewControllerTests.swift */; };
		34C91A841CC342750033AC8B /* ViewComponentTests.swift in Sources */ = {isa = PBXBuildFile; fileRef = 34C91A5E1CC342750033AC8B /* ViewComponentTests.swift */; };
		34EFE1E31CCD31DC00264D0E /* FetcherDataSourceTests.swift in Sources */ = {isa = PBXBuildFile; fileRef = 34EFE1E21CCD31DC00264D0E /* FetcherDataSourceTests.swift */; };
		34EFE1E41CCD320600264D0E /* TableViewFetcherDataSourceTests.swift in Sources */ = {isa = PBXBuildFile; fileRef = 34EFE1E01CCD31C600264D0E /* TableViewFetcherDataSourceTests.swift */; };
		34EFE1E61CCD561200264D0E /* ArrayRemoveObjectExtensionTests.swift in Sources */ = {isa = PBXBuildFile; fileRef = 34EFE1E51CCD561200264D0E /* ArrayRemoveObjectExtensionTests.swift */; };
		34EFE1E81CCD6C5900264D0E /* CollectionViewCellPresenterTests.swift in Sources */ = {isa = PBXBuildFile; fileRef = 34EFE1E71CCD6C5900264D0E /* CollectionViewCellPresenterTests.swift */; };
		34EFE1EA1CCD729C00264D0E /* CollectionViewFetcherDataSourceTests.swift in Sources */ = {isa = PBXBuildFile; fileRef = 34EFE1E91CCD729C00264D0E /* CollectionViewFetcherDataSourceTests.swift */; };
		34EFE1EE1CCD959000264D0E /* CollectionViewCell.swift in Sources */ = {isa = PBXBuildFile; fileRef = 34EFE1EC1CCD959000264D0E /* CollectionViewCell.swift */; };
		34EFE1EF1CCD959000264D0E /* CollectionViewCell.xib in Resources */ = {isa = PBXBuildFile; fileRef = 34EFE1ED1CCD959000264D0E /* CollectionViewCell.xib */; };
		34EFE1F41CCE819700264D0E /* YorkTests.xcdatamodeld in Sources */ = {isa = PBXBuildFile; fileRef = 34EFE1F21CCE819700264D0E /* YorkTests.xcdatamodeld */; };
		34EFE1F71CCE828A00264D0E /* EntityTest+CoreDataProperties.swift in Sources */ = {isa = PBXBuildFile; fileRef = 34EFE1F51CCE828A00264D0E /* EntityTest+CoreDataProperties.swift */; };
		34EFE1F81CCE828A00264D0E /* EntityTest.swift in Sources */ = {isa = PBXBuildFile; fileRef = 34EFE1F61CCE828A00264D0E /* EntityTest.swift */; };
		34EFE1FA1CCE9A8C00264D0E /* BaseFetcherDataSourceTests.swift in Sources */ = {isa = PBXBuildFile; fileRef = 34EFE1F91CCE9A8C00264D0E /* BaseFetcherDataSourceTests.swift */; };
		34EFE1FF1CCEBEDB00264D0E /* EntityTestMandatoryField.swift in Sources */ = {isa = PBXBuildFile; fileRef = 34EFE1FC1CCEBBCF00264D0E /* EntityTestMandatoryField.swift */; };
		34EFE2001CCEBEDF00264D0E /* EntityTestMandatoryField+CoreDataProperties.swift in Sources */ = {isa = PBXBuildFile; fileRef = 34EFE1FB1CCEBBCF00264D0E /* EntityTestMandatoryField+CoreDataProperties.swift */; };
		607FACD61AFB9204008FA782 /* AppDelegate.swift in Sources */ = {isa = PBXBuildFile; fileRef = 607FACD51AFB9204008FA782 /* AppDelegate.swift */; };
		607FACD81AFB9204008FA782 /* ViewController.swift in Sources */ = {isa = PBXBuildFile; fileRef = 607FACD71AFB9204008FA782 /* ViewController.swift */; };
		607FACDB1AFB9204008FA782 /* Main.storyboard in Resources */ = {isa = PBXBuildFile; fileRef = 607FACD91AFB9204008FA782 /* Main.storyboard */; };
		607FACDD1AFB9204008FA782 /* Images.xcassets in Resources */ = {isa = PBXBuildFile; fileRef = 607FACDC1AFB9204008FA782 /* Images.xcassets */; };
		607FACE01AFB9204008FA782 /* LaunchScreen.xib in Resources */ = {isa = PBXBuildFile; fileRef = 607FACDE1AFB9204008FA782 /* LaunchScreen.xib */; };
		A27B3F497A49BA72055C167F /* Pods_York_Example.framework in Frameworks */ = {isa = PBXBuildFile; fileRef = C0D78133D2F251F174C6A80E /* Pods_York_Example.framework */; };
		DC35D128FC3A9D6797E8A094 /* Pods_York_Tests.framework in Frameworks */ = {isa = PBXBuildFile; fileRef = 69036C758D5B91FDC704930D /* Pods_York_Tests.framework */; };
/* End PBXBuildFile section */

/* Begin PBXContainerItemProxy section */
		607FACE61AFB9204008FA782 /* PBXContainerItemProxy */ = {
			isa = PBXContainerItemProxy;
			containerPortal = 607FACC81AFB9204008FA782 /* Project object */;
			proxyType = 1;
			remoteGlobalIDString = 607FACCF1AFB9204008FA782;
			remoteInfo = York;
		};
/* End PBXContainerItemProxy section */

/* Begin PBXFileReference section */
		2CB95DBF5676518A5D7ECA76 /* Pods-York_Example.debug.xcconfig */ = {isa = PBXFileReference; includeInIndex = 1; lastKnownFileType = text.xcconfig; name = "Pods-York_Example.debug.xcconfig"; path = "Pods/Target Support Files/Pods-York_Example/Pods-York_Example.debug.xcconfig"; sourceTree = "<group>"; };
		3401A7541CD93D0900F6FEE6 /* UINavigationControllerExtensionTests.swift */ = {isa = PBXFileReference; fileEncoding = 4; lastKnownFileType = sourcecode.swift; path = UINavigationControllerExtensionTests.swift; sourceTree = "<group>"; };
		345EEB911CD7268F009FECEA /* CollectionViewFetcherDataSourceTestsCnt2.swift */ = {isa = PBXFileReference; fileEncoding = 4; lastKnownFileType = sourcecode.swift; path = CollectionViewFetcherDataSourceTestsCnt2.swift; sourceTree = "<group>"; };
		345EEB931CD72872009FECEA /* CollectionViewFetcherDataSourceTestsCnt.swift */ = {isa = PBXFileReference; fileEncoding = 4; lastKnownFileType = sourcecode.swift; path = CollectionViewFetcherDataSourceTestsCnt.swift; sourceTree = "<group>"; };
		345EEB951CD729BD009FECEA /* TableViewFetcherDataSourceTestsCnt.swift */ = {isa = PBXFileReference; fileEncoding = 4; lastKnownFileType = sourcecode.swift; path = TableViewFetcherDataSourceTestsCnt.swift; sourceTree = "<group>"; };
		346C8DDE1CD57FF000F1F831 /* TestLogProvider.swift */ = {isa = PBXFileReference; fileEncoding = 4; lastKnownFileType = sourcecode.swift; path = TestLogProvider.swift; sourceTree = "<group>"; };
		346C8DE01CD62F0B00F1F831 /* ErrorProneFetcherDataSource.swift */ = {isa = PBXFileReference; fileEncoding = 4; lastKnownFileType = sourcecode.swift; path = ErrorProneFetcherDataSource.swift; sourceTree = "<group>"; };
		346C8DE31CD6362400F1F831 /* ErrorProneFetchedResultsController.swift */ = {isa = PBXFileReference; fileEncoding = 4; lastKnownFileType = sourcecode.swift; path = ErrorProneFetchedResultsController.swift; sourceTree = "<group>"; };
		346C8DE91CD6B77400F1F831 /* PresentationPathTests.swift */ = {isa = PBXFileReference; fileEncoding = 4; lastKnownFileType = sourcecode.swift; path = PresentationPathTests.swift; sourceTree = "<group>"; };
		34AAB9961CCFD4C600E0CE0F /* CoreDataUtil.swift */ = {isa = PBXFileReference; fileEncoding = 4; lastKnownFileType = sourcecode.swift; path = CoreDataUtil.swift; sourceTree = "<group>"; };
		34AAB9981CCFFAA200E0CE0F /* TestsCollectionView.swift */ = {isa = PBXFileReference; fileEncoding = 4; lastKnownFileType = sourcecode.swift; path = TestsCollectionView.swift; sourceTree = "<group>"; };
		34B76E3C1CEA0F0C00A72C31 /* ArrayDataSourceTests.swift */ = {isa = PBXFileReference; fileEncoding = 4; lastKnownFileType = sourcecode.swift; path = ArrayDataSourceTests.swift; sourceTree = "<group>"; };
		34B76E3E1CEA17ED00A72C31 /* StringExtensionsTests.swift */ = {isa = PBXFileReference; fileEncoding = 4; lastKnownFileType = sourcecode.swift; path = StringExtensionsTests.swift; sourceTree = "<group>"; };
		34B76E421CEAB06000A72C31 /* BaseTabBarControllerTests.swift */ = {isa = PBXFileReference; fileEncoding = 4; lastKnownFileType = sourcecode.swift; path = BaseTabBarControllerTests.swift; sourceTree = "<group>"; };
		34C5BD271CC94BF400898F0B /* NSManagedObjectExtensionTests.swift */ = {isa = PBXFileReference; fileEncoding = 4; lastKnownFileType = sourcecode.swift; path = NSManagedObjectExtensionTests.swift; sourceTree = "<group>"; };
		34C91A241CC342750033AC8B /* Info.plist */ = {isa = PBXFileReference; fileEncoding = 4; lastKnownFileType = text.plist.xml; path = Info.plist; sourceTree = "<group>"; };
		34C91A261CC342750033AC8B /* default-avatar.png */ = {isa = PBXFileReference; lastKnownFileType = image.png; path = "default-avatar.png"; sourceTree = "<group>"; };
		34C91A271CC342750033AC8B /* Localizable.strings */ = {isa = PBXFileReference; fileEncoding = 4; lastKnownFileType = text.plist.strings; path = Localizable.strings; sourceTree = "<group>"; };
		34C91A281CC342750033AC8B /* TestStoryboard.storyboard */ = {isa = PBXFileReference; fileEncoding = 4; lastKnownFileType = file.storyboard; path = TestStoryboard.storyboard; sourceTree = "<group>"; };
		34C91A2C1CC342750033AC8B /* FetchedResultsSectionInfo.swift */ = {isa = PBXFileReference; fileEncoding = 4; lastKnownFileType = sourcecode.swift; path = FetchedResultsSectionInfo.swift; sourceTree = "<group>"; };
		34C91A2E1CC342750033AC8B /* TableViewCell.swift */ = {isa = PBXFileReference; fileEncoding = 4; lastKnownFileType = sourcecode.swift; path = TableViewCell.swift; sourceTree = "<group>"; };
		34C91A2F1CC342750033AC8B /* TableViewCell.xib */ = {isa = PBXFileReference; fileEncoding = 4; lastKnownFileType = file.xib; path = TableViewCell.xib; sourceTree = "<group>"; };
		34C91A301CC342750033AC8B /* TestUtil.swift */ = {isa = PBXFileReference; fileEncoding = 4; lastKnownFileType = sourcecode.swift; path = TestUtil.swift; sourceTree = "<group>"; };
		34C91A321CC342750033AC8B /* TestBaseDataBasedViewController.swift */ = {isa = PBXFileReference; fileEncoding = 4; lastKnownFileType = sourcecode.swift; path = TestBaseDataBasedViewController.swift; sourceTree = "<group>"; };
		34C91A331CC342750033AC8B /* TestBaseTableViewController.swift */ = {isa = PBXFileReference; fileEncoding = 4; lastKnownFileType = sourcecode.swift; path = TestBaseTableViewController.swift; sourceTree = "<group>"; };
		34C91A341CC342750033AC8B /* TestBaseViewController.swift */ = {isa = PBXFileReference; fileEncoding = 4; lastKnownFileType = sourcecode.swift; path = TestBaseViewController.swift; sourceTree = "<group>"; };
		34C91A351CC342750033AC8B /* TestClassicTableViewController.swift */ = {isa = PBXFileReference; fileEncoding = 4; lastKnownFileType = sourcecode.swift; path = TestClassicTableViewController.swift; sourceTree = "<group>"; };
		34C91A371CC342750033AC8B /* SimpleViewComponent.swift */ = {isa = PBXFileReference; fileEncoding = 4; lastKnownFileType = sourcecode.swift; path = SimpleViewComponent.swift; sourceTree = "<group>"; };
		34C91A381CC342750033AC8B /* SimpleViewComponent.xib */ = {isa = PBXFileReference; fileEncoding = 4; lastKnownFileType = file.xib; path = SimpleViewComponent.xib; sourceTree = "<group>"; };
		34C91A391CC342750033AC8B /* TestsTableView.swift */ = {isa = PBXFileReference; fileEncoding = 4; lastKnownFileType = sourcecode.swift; path = TestsTableView.swift; sourceTree = "<group>"; };
		34C91A3C1CC342750033AC8B /* AppContextTests.swift */ = {isa = PBXFileReference; fileEncoding = 4; lastKnownFileType = sourcecode.swift; path = AppContextTests.swift; sourceTree = "<group>"; };
		34C91A3E1CC342750033AC8B /* DataSyncDailyRulesTests.swift */ = {isa = PBXFileReference; fileEncoding = 4; lastKnownFileType = sourcecode.swift; path = DataSyncDailyRulesTests.swift; sourceTree = "<group>"; };
		34C91A3F1CC342750033AC8B /* DataSyncHourlyRulesTests.swift */ = {isa = PBXFileReference; fileEncoding = 4; lastKnownFileType = sourcecode.swift; path = DataSyncHourlyRulesTests.swift; sourceTree = "<group>"; };
		34C91A411CC342750033AC8B /* EntityBaseSyncRulesTests.swift */ = {isa = PBXFileReference; fileEncoding = 4; lastKnownFileType = sourcecode.swift; path = EntityBaseSyncRulesTests.swift; sourceTree = "<group>"; };
		34C91A421CC342750033AC8B /* EntityDailySyncRuleTests.swift */ = {isa = PBXFileReference; fileEncoding = 4; lastKnownFileType = sourcecode.swift; path = EntityDailySyncRuleTests.swift; sourceTree = "<group>"; };
		34C91A431CC342750033AC8B /* EntityHourlySyncRuleTests.swift */ = {isa = PBXFileReference; fileEncoding = 4; lastKnownFileType = sourcecode.swift; path = EntityHourlySyncRuleTests.swift; sourceTree = "<group>"; };
		34C91A441CC342750033AC8B /* EntitySyncHistoryTests.swift */ = {isa = PBXFileReference; fileEncoding = 4; lastKnownFileType = sourcecode.swift; path = EntitySyncHistoryTests.swift; sourceTree = "<group>"; };
		34C91A461CC342750033AC8B /* NavigationRouterTests.swift */ = {isa = PBXFileReference; fileEncoding = 4; lastKnownFileType = sourcecode.swift; path = NavigationRouterTests.swift; sourceTree = "<group>"; };
		34C91A471CC342750033AC8B /* RoutingElementTests.swift */ = {isa = PBXFileReference; fileEncoding = 4; lastKnownFileType = sourcecode.swift; path = RoutingElementTests.swift; sourceTree = "<group>"; };
		34C91A491CC342750033AC8B /* NSObjectExtensionsTests.swift */ = {isa = PBXFileReference; fileEncoding = 4; lastKnownFileType = sourcecode.swift; path = NSObjectExtensionsTests.swift; sourceTree = "<group>"; };
		34C91A4A1CC342750033AC8B /* UIImageExtensionTests.swift */ = {isa = PBXFileReference; fileEncoding = 4; lastKnownFileType = sourcecode.swift; path = UIImageExtensionTests.swift; sourceTree = "<group>"; };
		34C91A4C1CC342750033AC8B /* LoggerTests.swift */ = {isa = PBXFileReference; fileEncoding = 4; lastKnownFileType = sourcecode.swift; path = LoggerTests.swift; sourceTree = "<group>"; };
		34C91A4E1CC342750033AC8B /* CoreDataStackTests.swift */ = {isa = PBXFileReference; fileEncoding = 4; lastKnownFileType = sourcecode.swift; path = CoreDataStackTests.swift; sourceTree = "<group>"; };
		34C91A531CC342750033AC8B /* TableViewCellPresenterTests.swift */ = {isa = PBXFileReference; fileEncoding = 4; lastKnownFileType = sourcecode.swift; path = TableViewCellPresenterTests.swift; sourceTree = "<group>"; };
		34C91A551CC342750033AC8B /* TableViewBlockDelegateTests.swift */ = {isa = PBXFileReference; fileEncoding = 4; lastKnownFileType = sourcecode.swift; path = TableViewBlockDelegateTests.swift; sourceTree = "<group>"; };
		34C91A571CC342750033AC8B /* BaseDataBasedViewControllerTests.swift */ = {isa = PBXFileReference; fileEncoding = 4; lastKnownFileType = sourcecode.swift; path = BaseDataBasedViewControllerTests.swift; sourceTree = "<group>"; };
		34C91A581CC342750033AC8B /* BaseTableViewControllerTests.swift */ = {isa = PBXFileReference; fileEncoding = 4; lastKnownFileType = sourcecode.swift; path = BaseTableViewControllerTests.swift; sourceTree = "<group>"; };
		34C91A591CC342750033AC8B /* TestBaseDataBasedViewControllerTests.swift */ = {isa = PBXFileReference; fileEncoding = 4; lastKnownFileType = sourcecode.swift; path = TestBaseDataBasedViewControllerTests.swift; sourceTree = "<group>"; };
		34C91A5A1CC342750033AC8B /* TestBaseTableViewControllerTests.swift */ = {isa = PBXFileReference; fileEncoding = 4; lastKnownFileType = sourcecode.swift; path = TestBaseTableViewControllerTests.swift; sourceTree = "<group>"; };
		34C91A5B1CC342750033AC8B /* TestBaseViewControllerTests.swift */ = {isa = PBXFileReference; fileEncoding = 4; lastKnownFileType = sourcecode.swift; path = TestBaseViewControllerTests.swift; sourceTree = "<group>"; };
		34C91A5C1CC342750033AC8B /* TestClassicTableViewControllerTests.swift */ = {isa = PBXFileReference; fileEncoding = 4; lastKnownFileType = sourcecode.swift; path = TestClassicTableViewControllerTests.swift; sourceTree = "<group>"; };
		34C91A5E1CC342750033AC8B /* ViewComponentTests.swift */ = {isa = PBXFileReference; fileEncoding = 4; lastKnownFileType = sourcecode.swift; path = ViewComponentTests.swift; sourceTree = "<group>"; };
		34EFE1E01CCD31C600264D0E /* TableViewFetcherDataSourceTests.swift */ = {isa = PBXFileReference; fileEncoding = 4; lastKnownFileType = sourcecode.swift; path = TableViewFetcherDataSourceTests.swift; sourceTree = "<group>"; };
		34EFE1E21CCD31DC00264D0E /* FetcherDataSourceTests.swift */ = {isa = PBXFileReference; fileEncoding = 4; lastKnownFileType = sourcecode.swift; path = FetcherDataSourceTests.swift; sourceTree = "<group>"; };
		34EFE1E51CCD561200264D0E /* ArrayRemoveObjectExtensionTests.swift */ = {isa = PBXFileReference; fileEncoding = 4; lastKnownFileType = sourcecode.swift; path = ArrayRemoveObjectExtensionTests.swift; sourceTree = "<group>"; };
		34EFE1E71CCD6C5900264D0E /* CollectionViewCellPresenterTests.swift */ = {isa = PBXFileReference; fileEncoding = 4; lastKnownFileType = sourcecode.swift; path = CollectionViewCellPresenterTests.swift; sourceTree = "<group>"; };
		34EFE1E91CCD729C00264D0E /* CollectionViewFetcherDataSourceTests.swift */ = {isa = PBXFileReference; fileEncoding = 4; lastKnownFileType = sourcecode.swift; path = CollectionViewFetcherDataSourceTests.swift; sourceTree = "<group>"; };
		34EFE1EC1CCD959000264D0E /* CollectionViewCell.swift */ = {isa = PBXFileReference; fileEncoding = 4; lastKnownFileType = sourcecode.swift; path = CollectionViewCell.swift; sourceTree = "<group>"; };
		34EFE1ED1CCD959000264D0E /* CollectionViewCell.xib */ = {isa = PBXFileReference; fileEncoding = 4; lastKnownFileType = file.xib; path = CollectionViewCell.xib; sourceTree = "<group>"; };
		34EFE1F31CCE819700264D0E /* YorkTests.xcdatamodel */ = {isa = PBXFileReference; lastKnownFileType = wrapper.xcdatamodel; path = YorkTests.xcdatamodel; sourceTree = "<group>"; };
		34EFE1F51CCE828A00264D0E /* EntityTest+CoreDataProperties.swift */ = {isa = PBXFileReference; fileEncoding = 4; lastKnownFileType = sourcecode.swift; path = "EntityTest+CoreDataProperties.swift"; sourceTree = "<group>"; };
		34EFE1F61CCE828A00264D0E /* EntityTest.swift */ = {isa = PBXFileReference; fileEncoding = 4; lastKnownFileType = sourcecode.swift; path = EntityTest.swift; sourceTree = "<group>"; };
		34EFE1F91CCE9A8C00264D0E /* BaseFetcherDataSourceTests.swift */ = {isa = PBXFileReference; fileEncoding = 4; lastKnownFileType = sourcecode.swift; path = BaseFetcherDataSourceTests.swift; sourceTree = "<group>"; };
		34EFE1FB1CCEBBCF00264D0E /* EntityTestMandatoryField+CoreDataProperties.swift */ = {isa = PBXFileReference; fileEncoding = 4; lastKnownFileType = sourcecode.swift; path = "EntityTestMandatoryField+CoreDataProperties.swift"; sourceTree = "<group>"; };
		34EFE1FC1CCEBBCF00264D0E /* EntityTestMandatoryField.swift */ = {isa = PBXFileReference; fileEncoding = 4; lastKnownFileType = sourcecode.swift; path = EntityTestMandatoryField.swift; sourceTree = "<group>"; };
		486499EF4230042C03762DE7 /* Pods-York_Example.release.xcconfig */ = {isa = PBXFileReference; includeInIndex = 1; lastKnownFileType = text.xcconfig; name = "Pods-York_Example.release.xcconfig"; path = "Pods/Target Support Files/Pods-York_Example/Pods-York_Example.release.xcconfig"; sourceTree = "<group>"; };
		4871DBC163926B4853E22235 /* LICENSE */ = {isa = PBXFileReference; includeInIndex = 1; lastKnownFileType = text; name = LICENSE; path = ../LICENSE; sourceTree = "<group>"; };
		4B69132A93CA90C05C96E8CB /* York.podspec */ = {isa = PBXFileReference; includeInIndex = 1; lastKnownFileType = text; name = York.podspec; path = ../York.podspec; sourceTree = "<group>"; };
		607FACD01AFB9204008FA782 /* York_Example.app */ = {isa = PBXFileReference; explicitFileType = wrapper.application; includeInIndex = 0; path = York_Example.app; sourceTree = BUILT_PRODUCTS_DIR; };
		607FACD41AFB9204008FA782 /* Info.plist */ = {isa = PBXFileReference; lastKnownFileType = text.plist.xml; path = Info.plist; sourceTree = "<group>"; };
		607FACD51AFB9204008FA782 /* AppDelegate.swift */ = {isa = PBXFileReference; lastKnownFileType = sourcecode.swift; path = AppDelegate.swift; sourceTree = "<group>"; };
		607FACD71AFB9204008FA782 /* ViewController.swift */ = {isa = PBXFileReference; lastKnownFileType = sourcecode.swift; path = ViewController.swift; sourceTree = "<group>"; };
		607FACDA1AFB9204008FA782 /* Base */ = {isa = PBXFileReference; lastKnownFileType = file.storyboard; name = Base; path = Base.lproj/Main.storyboard; sourceTree = "<group>"; };
		607FACDC1AFB9204008FA782 /* Images.xcassets */ = {isa = PBXFileReference; lastKnownFileType = folder.assetcatalog; path = Images.xcassets; sourceTree = "<group>"; };
		607FACDF1AFB9204008FA782 /* Base */ = {isa = PBXFileReference; lastKnownFileType = file.xib; name = Base; path = Base.lproj/LaunchScreen.xib; sourceTree = "<group>"; };
		607FACE51AFB9204008FA782 /* York_Tests.xctest */ = {isa = PBXFileReference; explicitFileType = wrapper.cfbundle; includeInIndex = 0; path = York_Tests.xctest; sourceTree = BUILT_PRODUCTS_DIR; };
		69036C758D5B91FDC704930D /* Pods_York_Tests.framework */ = {isa = PBXFileReference; explicitFileType = wrapper.framework; includeInIndex = 0; path = Pods_York_Tests.framework; sourceTree = BUILT_PRODUCTS_DIR; };
		871841B52E6BB135F7E31A0C /* Pods-York_Tests.release.xcconfig */ = {isa = PBXFileReference; includeInIndex = 1; lastKnownFileType = text.xcconfig; name = "Pods-York_Tests.release.xcconfig"; path = "Pods/Target Support Files/Pods-York_Tests/Pods-York_Tests.release.xcconfig"; sourceTree = "<group>"; };
		8817A2B73E87C1E6C6ED0D28 /* Pods-York_Tests.debug.xcconfig */ = {isa = PBXFileReference; includeInIndex = 1; lastKnownFileType = text.xcconfig; name = "Pods-York_Tests.debug.xcconfig"; path = "Pods/Target Support Files/Pods-York_Tests/Pods-York_Tests.debug.xcconfig"; sourceTree = "<group>"; };
		9170E83C66F5B91EC238082F /* README.md */ = {isa = PBXFileReference; includeInIndex = 1; lastKnownFileType = net.daringfireball.markdown; name = README.md; path = ../README.md; sourceTree = "<group>"; };
		C0D78133D2F251F174C6A80E /* Pods_York_Example.framework */ = {isa = PBXFileReference; explicitFileType = wrapper.framework; includeInIndex = 0; path = Pods_York_Example.framework; sourceTree = BUILT_PRODUCTS_DIR; };
/* End PBXFileReference section */

/* Begin PBXFrameworksBuildPhase section */
		607FACCD1AFB9204008FA782 /* Frameworks */ = {
			isa = PBXFrameworksBuildPhase;
			buildActionMask = 2147483647;
			files = (
				A27B3F497A49BA72055C167F /* Pods_York_Example.framework in Frameworks */,
			);
			runOnlyForDeploymentPostprocessing = 0;
		};
		607FACE21AFB9204008FA782 /* Frameworks */ = {
			isa = PBXFrameworksBuildPhase;
			buildActionMask = 2147483647;
			files = (
				DC35D128FC3A9D6797E8A094 /* Pods_York_Tests.framework in Frameworks */,
			);
			runOnlyForDeploymentPostprocessing = 0;
		};
/* End PBXFrameworksBuildPhase section */

/* Begin PBXGroup section */
		346C8DDD1CD57F8200F1F831 /* Logger */ = {
			isa = PBXGroup;
			children = (
				346C8DDE1CD57FF000F1F831 /* TestLogProvider.swift */,
			);
			path = Logger;
			sourceTree = "<group>";
		};
		346C8DE21CD635EC00F1F831 /* FetchedResultsController */ = {
			isa = PBXGroup;
			children = (
				346C8DE31CD6362400F1F831 /* ErrorProneFetchedResultsController.swift */,
			);
			name = FetchedResultsController;
			path = CoreData/FetchedResultsController;
			sourceTree = "<group>";
		};
		34B76E3B1CEA0EDE00A72C31 /* Arrays */ = {
			isa = PBXGroup;
			children = (
				34B76E3C1CEA0F0C00A72C31 /* ArrayDataSourceTests.swift */,
			);
			path = Arrays;
			sourceTree = "<group>";
		};
		34C91A251CC342750033AC8B /* Resources */ = {
			isa = PBXGroup;
			children = (
				34C91A261CC342750033AC8B /* default-avatar.png */,
				34C91A271CC342750033AC8B /* Localizable.strings */,
				34C91A281CC342750033AC8B /* TestStoryboard.storyboard */,
			);
			path = Resources;
			sourceTree = "<group>";
		};
		34C91A291CC342750033AC8B /* TestResources */ = {
			isa = PBXGroup;
			children = (
				34C91A301CC342750033AC8B /* TestUtil.swift */,
				34AAB9961CCFD4C600E0CE0F /* CoreDataUtil.swift */,
				34C91A2A1CC342750033AC8B /* Persistence */,
				34EFE1EB1CCD955F00264D0E /* CollectionViewCells */,
				346C8DDD1CD57F8200F1F831 /* Logger */,
				34C91A2D1CC342750033AC8B /* TableViewCells */,
				34C91A311CC342750033AC8B /* ViewControllers */,
				34C91A361CC342750033AC8B /* Views */,
			);
			path = TestResources;
			sourceTree = "<group>";
		};
		34C91A2A1CC342750033AC8B /* Persistence */ = {
			isa = PBXGroup;
			children = (
				34EFE1F01CCE816100264D0E /* CoreData */,
				346C8DE21CD635EC00F1F831 /* FetchedResultsController */,
				34C91A2B1CC342750033AC8B /* DataSource */,
			);
			path = Persistence;
			sourceTree = "<group>";
		};
		34C91A2B1CC342750033AC8B /* DataSource */ = {
			isa = PBXGroup;
			children = (
				34C91A2C1CC342750033AC8B /* FetchedResultsSectionInfo.swift */,
				346C8DE01CD62F0B00F1F831 /* ErrorProneFetcherDataSource.swift */,
			);
			path = DataSource;
			sourceTree = "<group>";
		};
		34C91A2D1CC342750033AC8B /* TableViewCells */ = {
			isa = PBXGroup;
			children = (
				34C91A2E1CC342750033AC8B /* TableViewCell.swift */,
				34C91A2F1CC342750033AC8B /* TableViewCell.xib */,
			);
			path = TableViewCells;
			sourceTree = "<group>";
		};
		34C91A311CC342750033AC8B /* ViewControllers */ = {
			isa = PBXGroup;
			children = (
				34C91A321CC342750033AC8B /* TestBaseDataBasedViewController.swift */,
				34C91A331CC342750033AC8B /* TestBaseTableViewController.swift */,
				34C91A351CC342750033AC8B /* TestClassicTableViewController.swift */,
				34C91A341CC342750033AC8B /* TestBaseViewController.swift */,
			);
			path = ViewControllers;
			sourceTree = "<group>";
		};
		34C91A361CC342750033AC8B /* Views */ = {
			isa = PBXGroup;
			children = (
				34C91A371CC342750033AC8B /* SimpleViewComponent.swift */,
				34C91A381CC342750033AC8B /* SimpleViewComponent.xib */,
				34C91A391CC342750033AC8B /* TestsTableView.swift */,
				34AAB9981CCFFAA200E0CE0F /* TestsCollectionView.swift */,
			);
			path = Views;
			sourceTree = "<group>";
		};
		34C91A3A1CC342750033AC8B /* York */ = {
			isa = PBXGroup;
			children = (
				34C91A3B1CC342750033AC8B /* Context */,
				34EFE1DE1CCD31C600264D0E /* DataSource */,
				34C91A3D1CC342750033AC8B /* DataSyncRules */,
				34C91A451CC342750033AC8B /* DeepLinkingNavigation */,
				34C91A481CC342750033AC8B /* Extensions */,
				34C91A4B1CC342750033AC8B /* Logging */,
				34C91A4D1CC342750033AC8B /* Persistence */,
				34C91A521CC342750033AC8B /* Presenter */,
				34C91A541CC342750033AC8B /* TableViewDelegate */,
				34C91A561CC342750033AC8B /* ViewControllers */,
				34C91A5D1CC342750033AC8B /* Views */,
			);
			path = York;
			sourceTree = "<group>";
		};
		34C91A3B1CC342750033AC8B /* Context */ = {
			isa = PBXGroup;
			children = (
				34C91A3C1CC342750033AC8B /* AppContextTests.swift */,
			);
			path = Context;
			sourceTree = "<group>";
		};
		34C91A3D1CC342750033AC8B /* DataSyncRules */ = {
			isa = PBXGroup;
			children = (
				34C91A3E1CC342750033AC8B /* DataSyncDailyRulesTests.swift */,
				34C91A3F1CC342750033AC8B /* DataSyncHourlyRulesTests.swift */,
				34C91A401CC342750033AC8B /* Entities */,
			);
			path = DataSyncRules;
			sourceTree = "<group>";
		};
		34C91A401CC342750033AC8B /* Entities */ = {
			isa = PBXGroup;
			children = (
				34C91A411CC342750033AC8B /* EntityBaseSyncRulesTests.swift */,
				34C91A421CC342750033AC8B /* EntityDailySyncRuleTests.swift */,
				34C91A431CC342750033AC8B /* EntityHourlySyncRuleTests.swift */,
				34C91A441CC342750033AC8B /* EntitySyncHistoryTests.swift */,
			);
			path = Entities;
			sourceTree = "<group>";
		};
		34C91A451CC342750033AC8B /* DeepLinkingNavigation */ = {
			isa = PBXGroup;
			children = (
				34C91A461CC342750033AC8B /* NavigationRouterTests.swift */,
				34C91A471CC342750033AC8B /* RoutingElementTests.swift */,
				346C8DE91CD6B77400F1F831 /* PresentationPathTests.swift */,
			);
			path = DeepLinkingNavigation;
			sourceTree = "<group>";
		};
		34C91A481CC342750033AC8B /* Extensions */ = {
			isa = PBXGroup;
			children = (
				34EFE1E51CCD561200264D0E /* ArrayRemoveObjectExtensionTests.swift */,
				34C5BD271CC94BF400898F0B /* NSManagedObjectExtensionTests.swift */,
				34C91A491CC342750033AC8B /* NSObjectExtensionsTests.swift */,
				34C91A4A1CC342750033AC8B /* UIImageExtensionTests.swift */,
				3401A7541CD93D0900F6FEE6 /* UINavigationControllerExtensionTests.swift */,
				34B76E3E1CEA17ED00A72C31 /* StringExtensionsTests.swift */,
			);
			path = Extensions;
			sourceTree = "<group>";
		};
		34C91A4B1CC342750033AC8B /* Logging */ = {
			isa = PBXGroup;
			children = (
				34C91A4C1CC342750033AC8B /* LoggerTests.swift */,
			);
			path = Logging;
			sourceTree = "<group>";
		};
		34C91A4D1CC342750033AC8B /* Persistence */ = {
			isa = PBXGroup;
			children = (
				34C91A4E1CC342750033AC8B /* CoreDataStackTests.swift */,
			);
			path = Persistence;
			sourceTree = "<group>";
		};
		34C91A521CC342750033AC8B /* Presenter */ = {
			isa = PBXGroup;
			children = (
				34C91A531CC342750033AC8B /* TableViewCellPresenterTests.swift */,
				34EFE1E71CCD6C5900264D0E /* CollectionViewCellPresenterTests.swift */,
			);
			path = Presenter;
			sourceTree = "<group>";
		};
		34C91A541CC342750033AC8B /* TableViewDelegate */ = {
			isa = PBXGroup;
			children = (
				34C91A551CC342750033AC8B /* TableViewBlockDelegateTests.swift */,
			);
			path = TableViewDelegate;
			sourceTree = "<group>";
		};
		34C91A561CC342750033AC8B /* ViewControllers */ = {
			isa = PBXGroup;
			children = (
				34C91A571CC342750033AC8B /* BaseDataBasedViewControllerTests.swift */,
				34C91A581CC342750033AC8B /* BaseTableViewControllerTests.swift */,
				34C91A591CC342750033AC8B /* TestBaseDataBasedViewControllerTests.swift */,
				34C91A5A1CC342750033AC8B /* TestBaseTableViewControllerTests.swift */,
				34C91A5C1CC342750033AC8B /* TestClassicTableViewControllerTests.swift */,
				34C91A5B1CC342750033AC8B /* TestBaseViewControllerTests.swift */,
				34B76E421CEAB06000A72C31 /* BaseTabBarControllerTests.swift */,
			);
			path = ViewControllers;
			sourceTree = "<group>";
		};
		34C91A5D1CC342750033AC8B /* Views */ = {
			isa = PBXGroup;
			children = (
				34C91A5E1CC342750033AC8B /* ViewComponentTests.swift */,
			);
			path = Views;
			sourceTree = "<group>";
		};
		34EFE1DE1CCD31C600264D0E /* DataSource */ = {
			isa = PBXGroup;
			children = (
				34B76E3B1CEA0EDE00A72C31 /* Arrays */,
				34EFE1DF1CCD31C600264D0E /* CoreData */,
			);
			path = DataSource;
			sourceTree = "<group>";
		};
		34EFE1DF1CCD31C600264D0E /* CoreData */ = {
			isa = PBXGroup;
			children = (
				34EFE1F91CCE9A8C00264D0E /* BaseFetcherDataSourceTests.swift */,
				34EFE1E21CCD31DC00264D0E /* FetcherDataSourceTests.swift */,
				34EFE1E01CCD31C600264D0E /* TableViewFetcherDataSourceTests.swift */,
				345EEB951CD729BD009FECEA /* TableViewFetcherDataSourceTestsCnt.swift */,
				34EFE1E91CCD729C00264D0E /* CollectionViewFetcherDataSourceTests.swift */,
				345EEB931CD72872009FECEA /* CollectionViewFetcherDataSourceTestsCnt.swift */,
				345EEB911CD7268F009FECEA /* CollectionViewFetcherDataSourceTestsCnt2.swift */,
			);
			path = CoreData;
			sourceTree = "<group>";
		};
		34EFE1EB1CCD955F00264D0E /* CollectionViewCells */ = {
			isa = PBXGroup;
			children = (
				34EFE1EC1CCD959000264D0E /* CollectionViewCell.swift */,
				34EFE1ED1CCD959000264D0E /* CollectionViewCell.xib */,
			);
			path = CollectionViewCells;
			sourceTree = "<group>";
		};
		34EFE1F01CCE816100264D0E /* CoreData */ = {
			isa = PBXGroup;
			children = (
				34EFE1F11CCE816100264D0E /* Entities */,
				34EFE1F21CCE819700264D0E /* YorkTests.xcdatamodeld */,
			);
			path = CoreData;
			sourceTree = "<group>";
		};
		34EFE1F11CCE816100264D0E /* Entities */ = {
			isa = PBXGroup;
			children = (
				34EFE1FB1CCEBBCF00264D0E /* EntityTestMandatoryField+CoreDataProperties.swift */,
				34EFE1FC1CCEBBCF00264D0E /* EntityTestMandatoryField.swift */,
				34EFE1F51CCE828A00264D0E /* EntityTest+CoreDataProperties.swift */,
				34EFE1F61CCE828A00264D0E /* EntityTest.swift */,
			);
			path = Entities;
			sourceTree = "<group>";
		};
		607FACC71AFB9204008FA782 = {
			isa = PBXGroup;
			children = (
				607FACF51AFB993E008FA782 /* Podspec Metadata */,
				607FACD21AFB9204008FA782 /* Example for York */,
				607FACE81AFB9204008FA782 /* Tests */,
				607FACD11AFB9204008FA782 /* Products */,
				9EE316FB67003D3E4BC49A2D /* Pods */,
				B7A4C637AE45A63FEDD29E1A /* Frameworks */,
			);
			sourceTree = "<group>";
		};
		607FACD11AFB9204008FA782 /* Products */ = {
			isa = PBXGroup;
			children = (
				607FACD01AFB9204008FA782 /* York_Example.app */,
				607FACE51AFB9204008FA782 /* York_Tests.xctest */,
			);
			name = Products;
			sourceTree = "<group>";
		};
		607FACD21AFB9204008FA782 /* Example for York */ = {
			isa = PBXGroup;
			children = (
				607FACD51AFB9204008FA782 /* AppDelegate.swift */,
				607FACD71AFB9204008FA782 /* ViewController.swift */,
				607FACD91AFB9204008FA782 /* Main.storyboard */,
				607FACDC1AFB9204008FA782 /* Images.xcassets */,
				607FACDE1AFB9204008FA782 /* LaunchScreen.xib */,
				607FACD31AFB9204008FA782 /* Supporting Files */,
			);
			name = "Example for York";
			path = York;
			sourceTree = "<group>";
		};
		607FACD31AFB9204008FA782 /* Supporting Files */ = {
			isa = PBXGroup;
			children = (
				607FACD41AFB9204008FA782 /* Info.plist */,
			);
			name = "Supporting Files";
			sourceTree = "<group>";
		};
		607FACE81AFB9204008FA782 /* Tests */ = {
			isa = PBXGroup;
			children = (
				34C91A241CC342750033AC8B /* Info.plist */,
				34C91A251CC342750033AC8B /* Resources */,
				34C91A291CC342750033AC8B /* TestResources */,
				34C91A3A1CC342750033AC8B /* York */,
			);
			path = Tests;
			sourceTree = "<group>";
		};
		607FACF51AFB993E008FA782 /* Podspec Metadata */ = {
			isa = PBXGroup;
			children = (
				4B69132A93CA90C05C96E8CB /* York.podspec */,
				9170E83C66F5B91EC238082F /* README.md */,
				4871DBC163926B4853E22235 /* LICENSE */,
			);
			name = "Podspec Metadata";
			sourceTree = "<group>";
		};
		9EE316FB67003D3E4BC49A2D /* Pods */ = {
			isa = PBXGroup;
			children = (
				2CB95DBF5676518A5D7ECA76 /* Pods-York_Example.debug.xcconfig */,
				486499EF4230042C03762DE7 /* Pods-York_Example.release.xcconfig */,
				8817A2B73E87C1E6C6ED0D28 /* Pods-York_Tests.debug.xcconfig */,
				871841B52E6BB135F7E31A0C /* Pods-York_Tests.release.xcconfig */,
			);
			name = Pods;
			sourceTree = "<group>";
		};
		B7A4C637AE45A63FEDD29E1A /* Frameworks */ = {
			isa = PBXGroup;
			children = (
				C0D78133D2F251F174C6A80E /* Pods_York_Example.framework */,
				69036C758D5B91FDC704930D /* Pods_York_Tests.framework */,
			);
			name = Frameworks;
			sourceTree = "<group>";
		};
/* End PBXGroup section */

/* Begin PBXNativeTarget section */
		607FACCF1AFB9204008FA782 /* York_Example */ = {
			isa = PBXNativeTarget;
			buildConfigurationList = 607FACEF1AFB9204008FA782 /* Build configuration list for PBXNativeTarget "York_Example" */;
			buildPhases = (
				DA624363B7801E907DB250B0 /* Check Pods Manifest.lock */,
				607FACCC1AFB9204008FA782 /* Sources */,
				607FACCD1AFB9204008FA782 /* Frameworks */,
				607FACCE1AFB9204008FA782 /* Resources */,
				FC8EE919E7BFA681C63EEE8B /* Embed Pods Frameworks */,
				44928D8B5E30A40013CACED7 /* Copy Pods Resources */,
			);
			buildRules = (
			);
			dependencies = (
			);
			name = York_Example;
			productName = York;
			productReference = 607FACD01AFB9204008FA782 /* York_Example.app */;
			productType = "com.apple.product-type.application";
		};
		607FACE41AFB9204008FA782 /* York_Tests */ = {
			isa = PBXNativeTarget;
			buildConfigurationList = 607FACF21AFB9204008FA782 /* Build configuration list for PBXNativeTarget "York_Tests" */;
			buildPhases = (
				3E9009682FD8DFEA27643EBC /* Check Pods Manifest.lock */,
				607FACE11AFB9204008FA782 /* Sources */,
				607FACE21AFB9204008FA782 /* Frameworks */,
				607FACE31AFB9204008FA782 /* Resources */,
				BDE1A0AC71780D8A8EE20DB5 /* Embed Pods Frameworks */,
				91ACDDA466ED7C18295F3048 /* Copy Pods Resources */,
			);
			buildRules = (
			);
			dependencies = (
				607FACE71AFB9204008FA782 /* PBXTargetDependency */,
			);
			name = York_Tests;
			productName = Tests;
			productReference = 607FACE51AFB9204008FA782 /* York_Tests.xctest */;
			productType = "com.apple.product-type.bundle.unit-test";
		};
/* End PBXNativeTarget section */

/* Begin PBXProject section */
		607FACC81AFB9204008FA782 /* Project object */ = {
			isa = PBXProject;
			attributes = {
				LastSwiftUpdateCheck = 0720;
				LastUpgradeCheck = 0720;
				ORGANIZATIONNAME = CocoaPods;
				TargetAttributes = {
					607FACCF1AFB9204008FA782 = {
						CreatedOnToolsVersion = 6.3.1;
					};
					607FACE41AFB9204008FA782 = {
						CreatedOnToolsVersion = 6.3.1;
						TestTargetID = 607FACCF1AFB9204008FA782;
					};
				};
			};
			buildConfigurationList = 607FACCB1AFB9204008FA782 /* Build configuration list for PBXProject "York" */;
			compatibilityVersion = "Xcode 3.2";
			developmentRegion = English;
			hasScannedForEncodings = 0;
			knownRegions = (
				en,
				Base,
			);
			mainGroup = 607FACC71AFB9204008FA782;
			productRefGroup = 607FACD11AFB9204008FA782 /* Products */;
			projectDirPath = "";
			projectRoot = "";
			targets = (
				607FACCF1AFB9204008FA782 /* York_Example */,
				607FACE41AFB9204008FA782 /* York_Tests */,
			);
		};
/* End PBXProject section */

/* Begin PBXResourcesBuildPhase section */
		607FACCE1AFB9204008FA782 /* Resources */ = {
			isa = PBXResourcesBuildPhase;
			buildActionMask = 2147483647;
			files = (
				607FACDB1AFB9204008FA782 /* Main.storyboard in Resources */,
				607FACE01AFB9204008FA782 /* LaunchScreen.xib in Resources */,
				607FACDD1AFB9204008FA782 /* Images.xcassets in Resources */,
			);
			runOnlyForDeploymentPostprocessing = 0;
		};
		607FACE31AFB9204008FA782 /* Resources */ = {
			isa = PBXResourcesBuildPhase;
			buildActionMask = 2147483647;
			files = (
				34C91A601CC342750033AC8B /* default-avatar.png in Resources */,
				34C91A651CC342750033AC8B /* TableViewCell.xib in Resources */,
				34EFE1EF1CCD959000264D0E /* CollectionViewCell.xib in Resources */,
				34C91A6C1CC342750033AC8B /* SimpleViewComponent.xib in Resources */,
				34C91A621CC342750033AC8B /* TestStoryboard.storyboard in Resources */,
				34C91A611CC342750033AC8B /* Localizable.strings in Resources */,
			);
			runOnlyForDeploymentPostprocessing = 0;
		};
/* End PBXResourcesBuildPhase section */

/* Begin PBXShellScriptBuildPhase section */
		3E9009682FD8DFEA27643EBC /* Check Pods Manifest.lock */ = {
			isa = PBXShellScriptBuildPhase;
			buildActionMask = 2147483647;
			files = (
			);
			inputPaths = (
			);
			name = "Check Pods Manifest.lock";
			outputPaths = (
			);
			runOnlyForDeploymentPostprocessing = 0;
			shellPath = /bin/sh;
			shellScript = "diff \"${PODS_ROOT}/../Podfile.lock\" \"${PODS_ROOT}/Manifest.lock\" > /dev/null\nif [[ $? != 0 ]] ; then\n    cat << EOM\nerror: The sandbox is not in sync with the Podfile.lock. Run 'pod install' or update your CocoaPods installation.\nEOM\n    exit 1\nfi\n";
			showEnvVarsInLog = 0;
		};
		44928D8B5E30A40013CACED7 /* Copy Pods Resources */ = {
			isa = PBXShellScriptBuildPhase;
			buildActionMask = 2147483647;
			files = (
			);
			inputPaths = (
			);
			name = "Copy Pods Resources";
			outputPaths = (
			);
			runOnlyForDeploymentPostprocessing = 0;
			shellPath = /bin/sh;
			shellScript = "\"${SRCROOT}/Pods/Target Support Files/Pods-York_Example/Pods-York_Example-resources.sh\"\n";
			showEnvVarsInLog = 0;
		};
		91ACDDA466ED7C18295F3048 /* Copy Pods Resources */ = {
			isa = PBXShellScriptBuildPhase;
			buildActionMask = 2147483647;
			files = (
			);
			inputPaths = (
			);
			name = "Copy Pods Resources";
			outputPaths = (
			);
			runOnlyForDeploymentPostprocessing = 0;
			shellPath = /bin/sh;
			shellScript = "\"${SRCROOT}/Pods/Target Support Files/Pods-York_Tests/Pods-York_Tests-resources.sh\"\n";
			showEnvVarsInLog = 0;
		};
		BDE1A0AC71780D8A8EE20DB5 /* Embed Pods Frameworks */ = {
			isa = PBXShellScriptBuildPhase;
			buildActionMask = 2147483647;
			files = (
			);
			inputPaths = (
			);
			name = "Embed Pods Frameworks";
			outputPaths = (
			);
			runOnlyForDeploymentPostprocessing = 0;
			shellPath = /bin/sh;
			shellScript = "\"${SRCROOT}/Pods/Target Support Files/Pods-York_Tests/Pods-York_Tests-frameworks.sh\"\n";
			showEnvVarsInLog = 0;
		};
		DA624363B7801E907DB250B0 /* Check Pods Manifest.lock */ = {
			isa = PBXShellScriptBuildPhase;
			buildActionMask = 2147483647;
			files = (
			);
			inputPaths = (
			);
			name = "Check Pods Manifest.lock";
			outputPaths = (
			);
			runOnlyForDeploymentPostprocessing = 0;
			shellPath = /bin/sh;
			shellScript = "diff \"${PODS_ROOT}/../Podfile.lock\" \"${PODS_ROOT}/Manifest.lock\" > /dev/null\nif [[ $? != 0 ]] ; then\n    cat << EOM\nerror: The sandbox is not in sync with the Podfile.lock. Run 'pod install' or update your CocoaPods installation.\nEOM\n    exit 1\nfi\n";
			showEnvVarsInLog = 0;
		};
		FC8EE919E7BFA681C63EEE8B /* Embed Pods Frameworks */ = {
			isa = PBXShellScriptBuildPhase;
			buildActionMask = 2147483647;
			files = (
			);
			inputPaths = (
			);
			name = "Embed Pods Frameworks";
			outputPaths = (
			);
			runOnlyForDeploymentPostprocessing = 0;
			shellPath = /bin/sh;
			shellScript = "\"${SRCROOT}/Pods/Target Support Files/Pods-York_Example/Pods-York_Example-frameworks.sh\"\n";
			showEnvVarsInLog = 0;
		};
/* End PBXShellScriptBuildPhase section */

/* Begin PBXSourcesBuildPhase section */
		607FACCC1AFB9204008FA782 /* Sources */ = {
			isa = PBXSourcesBuildPhase;
			buildActionMask = 2147483647;
			files = (
				607FACD81AFB9204008FA782 /* ViewController.swift in Sources */,
				607FACD61AFB9204008FA782 /* AppDelegate.swift in Sources */,
			);
			runOnlyForDeploymentPostprocessing = 0;
		};
		607FACE11AFB9204008FA782 /* Sources */ = {
			isa = PBXSourcesBuildPhase;
			buildActionMask = 2147483647;
			files = (
				34C91A631CC342750033AC8B /* FetchedResultsSectionInfo.swift in Sources */,
				3401A7551CD93D0900F6FEE6 /* UINavigationControllerExtensionTests.swift in Sources */,
				34C91A821CC342750033AC8B /* TestBaseViewControllerTests.swift in Sources */,
				346C8DE11CD62F0B00F1F831 /* ErrorProneFetcherDataSource.swift in Sources */,
				34C91A6F1CC342750033AC8B /* DataSyncDailyRulesTests.swift in Sources */,
				34C91A6E1CC342750033AC8B /* AppContextTests.swift in Sources */,
				346C8DDF1CD57FF000F1F831 /* TestLogProvider.swift in Sources */,
				34C5BD281CC94BF400898F0B /* NSManagedObjectExtensionTests.swift in Sources */,
				34C91A661CC342750033AC8B /* TestUtil.swift in Sources */,
				34C91A811CC342750033AC8B /* TestBaseTableViewControllerTests.swift in Sources */,
				34C91A6D1CC342750033AC8B /* TestsTableView.swift in Sources */,
				34C91A761CC342750033AC8B /* RoutingElementTests.swift in Sources */,
				34C91A7C1CC342750033AC8B /* TableViewCellPresenterTests.swift in Sources */,
				34EFE1EE1CCD959000264D0E /* CollectionViewCell.swift in Sources */,
				34C91A801CC342750033AC8B /* TestBaseDataBasedViewControllerTests.swift in Sources */,
				34C91A6A1CC342750033AC8B /* TestClassicTableViewController.swift in Sources */,
				34C91A741CC342750033AC8B /* EntitySyncHistoryTests.swift in Sources */,
				34EFE1F71CCE828A00264D0E /* EntityTest+CoreDataProperties.swift in Sources */,
				34C91A831CC342750033AC8B /* TestClassicTableViewControllerTests.swift in Sources */,
				34EFE1E61CCD561200264D0E /* ArrayRemoveObjectExtensionTests.swift in Sources */,
				34C91A641CC342750033AC8B /* TableViewCell.swift in Sources */,
				34C91A6B1CC342750033AC8B /* SimpleViewComponent.swift in Sources */,
				34C91A751CC342750033AC8B /* NavigationRouterTests.swift in Sources */,
				34EFE1F81CCE828A00264D0E /* EntityTest.swift in Sources */,
				34B76E3F1CEA17ED00A72C31 /* StringExtensionsTests.swift in Sources */,
				34EFE1FF1CCEBEDB00264D0E /* EntityTestMandatoryField.swift in Sources */,
				34C91A691CC342750033AC8B /* TestBaseViewController.swift in Sources */,
				34C91A7F1CC342750033AC8B /* BaseTableViewControllerTests.swift in Sources */,
				34B76E431CEAB06000A72C31 /* BaseTabBarControllerTests.swift in Sources */,
				34C91A701CC342750033AC8B /* DataSyncHourlyRulesTests.swift in Sources */,
				34C91A711CC342750033AC8B /* EntityBaseSyncRulesTests.swift in Sources */,
				34EFE1F41CCE819700264D0E /* YorkTests.xcdatamodeld in Sources */,
				34EFE2001CCEBEDF00264D0E /* EntityTestMandatoryField+CoreDataProperties.swift in Sources */,
				34AAB9971CCFD4C600E0CE0F /* CoreDataUtil.swift in Sources */,
				34C91A841CC342750033AC8B /* ViewComponentTests.swift in Sources */,
				346C8DE41CD6362400F1F831 /* ErrorProneFetchedResultsController.swift in Sources */,
				34B76E3D1CEA0F0C00A72C31 /* ArrayDataSourceTests.swift in Sources */,
				34AAB9991CCFFAA200E0CE0F /* TestsCollectionView.swift in Sources */,
				34EFE1E41CCD320600264D0E /* TableViewFetcherDataSourceTests.swift in Sources */,
				34C91A771CC342750033AC8B /* NSObjectExtensionsTests.swift in Sources */,
				34C91A681CC342750033AC8B /* TestBaseTableViewController.swift in Sources */,
				345EEB921CD7268F009FECEA /* CollectionViewFetcherDataSourceTestsCnt2.swift in Sources */,
				34C91A7E1CC342750033AC8B /* BaseDataBasedViewControllerTests.swift in Sources */,
				345EEB941CD72872009FECEA /* CollectionViewFetcherDataSourceTestsCnt.swift in Sources */,
				34C91A671CC342750033AC8B /* TestBaseDataBasedViewController.swift in Sources */,
				34C91A721CC342750033AC8B /* EntityDailySyncRuleTests.swift in Sources */,
				34C91A731CC342750033AC8B /* EntityHourlySyncRuleTests.swift in Sources */,
				34EFE1FA1CCE9A8C00264D0E /* BaseFetcherDataSourceTests.swift in Sources */,
				34C91A791CC342750033AC8B /* LoggerTests.swift in Sources */,
				345EEB961CD729BD009FECEA /* TableViewFetcherDataSourceTestsCnt.swift in Sources */,
				34EFE1E31CCD31DC00264D0E /* FetcherDataSourceTests.swift in Sources */,
				34EFE1EA1CCD729C00264D0E /* CollectionViewFetcherDataSourceTests.swift in Sources */,
				34C91A781CC342750033AC8B /* UIImageExtensionTests.swift in Sources */,
				34C91A7D1CC342750033AC8B /* TableViewBlockDelegateTests.swift in Sources */,
				34C91A7A1CC342750033AC8B /* CoreDataStackTests.swift in Sources */,
				346C8DEA1CD6B77400F1F831 /* PresentationPathTests.swift in Sources */,
				34EFE1E81CCD6C5900264D0E /* CollectionViewCellPresenterTests.swift in Sources */,
			);
			runOnlyForDeploymentPostprocessing = 0;
		};
/* End PBXSourcesBuildPhase section */

/* Begin PBXTargetDependency section */
		607FACE71AFB9204008FA782 /* PBXTargetDependency */ = {
			isa = PBXTargetDependency;
			target = 607FACCF1AFB9204008FA782 /* York_Example */;
			targetProxy = 607FACE61AFB9204008FA782 /* PBXContainerItemProxy */;
		};
/* End PBXTargetDependency section */

/* Begin PBXVariantGroup section */
		607FACD91AFB9204008FA782 /* Main.storyboard */ = {
			isa = PBXVariantGroup;
			children = (
				607FACDA1AFB9204008FA782 /* Base */,
			);
			name = Main.storyboard;
			sourceTree = "<group>";
		};
		607FACDE1AFB9204008FA782 /* LaunchScreen.xib */ = {
			isa = PBXVariantGroup;
			children = (
				607FACDF1AFB9204008FA782 /* Base */,
			);
			name = LaunchScreen.xib;
			sourceTree = "<group>";
		};
/* End PBXVariantGroup section */

/* Begin XCBuildConfiguration section */
		607FACED1AFB9204008FA782 /* Debug */ = {
			isa = XCBuildConfiguration;
			buildSettings = {
				ALWAYS_SEARCH_USER_PATHS = NO;
				CLANG_CXX_LANGUAGE_STANDARD = "gnu++0x";
				CLANG_CXX_LIBRARY = "libc++";
				CLANG_ENABLE_MODULES = YES;
				CLANG_ENABLE_OBJC_ARC = YES;
				CLANG_WARN_BOOL_CONVERSION = YES;
				CLANG_WARN_CONSTANT_CONVERSION = YES;
				CLANG_WARN_DIRECT_OBJC_ISA_USAGE = YES_ERROR;
				CLANG_WARN_EMPTY_BODY = YES;
				CLANG_WARN_ENUM_CONVERSION = YES;
				CLANG_WARN_INT_CONVERSION = YES;
				CLANG_WARN_OBJC_ROOT_CLASS = YES_ERROR;
				CLANG_WARN_UNREACHABLE_CODE = YES;
				CLANG_WARN__DUPLICATE_METHOD_MATCH = YES;
				"CODE_SIGN_IDENTITY[sdk=iphoneos*]" = "iPhone Developer";
				COPY_PHASE_STRIP = NO;
				DEBUG_INFORMATION_FORMAT = "dwarf-with-dsym";
				ENABLE_STRICT_OBJC_MSGSEND = YES;
				ENABLE_TESTABILITY = YES;
				GCC_C_LANGUAGE_STANDARD = gnu99;
				GCC_DYNAMIC_NO_PIC = NO;
				GCC_NO_COMMON_BLOCKS = YES;
				GCC_OPTIMIZATION_LEVEL = 0;
				GCC_PREPROCESSOR_DEFINITIONS = (
					"DEBUG=1",
					"$(inherited)",
				);
				GCC_SYMBOLS_PRIVATE_EXTERN = NO;
				GCC_WARN_64_TO_32_BIT_CONVERSION = YES;
				GCC_WARN_ABOUT_RETURN_TYPE = YES_ERROR;
				GCC_WARN_UNDECLARED_SELECTOR = YES;
				GCC_WARN_UNINITIALIZED_AUTOS = YES_AGGRESSIVE;
				GCC_WARN_UNUSED_FUNCTION = YES;
				GCC_WARN_UNUSED_VARIABLE = YES;
				IPHONEOS_DEPLOYMENT_TARGET = 8.3;
				MTL_ENABLE_DEBUG_INFO = YES;
				ONLY_ACTIVE_ARCH = YES;
				PRODUCT_NAME = York;
				SDKROOT = iphoneos;
				SWIFT_OPTIMIZATION_LEVEL = "-Onone";
			};
			name = Debug;
		};
		607FACEE1AFB9204008FA782 /* Release */ = {
			isa = XCBuildConfiguration;
			buildSettings = {
				ALWAYS_SEARCH_USER_PATHS = NO;
				CLANG_CXX_LANGUAGE_STANDARD = "gnu++0x";
				CLANG_CXX_LIBRARY = "libc++";
				CLANG_ENABLE_MODULES = YES;
				CLANG_ENABLE_OBJC_ARC = YES;
				CLANG_WARN_BOOL_CONVERSION = YES;
				CLANG_WARN_CONSTANT_CONVERSION = YES;
				CLANG_WARN_DIRECT_OBJC_ISA_USAGE = YES_ERROR;
				CLANG_WARN_EMPTY_BODY = YES;
				CLANG_WARN_ENUM_CONVERSION = YES;
				CLANG_WARN_INT_CONVERSION = YES;
				CLANG_WARN_OBJC_ROOT_CLASS = YES_ERROR;
				CLANG_WARN_UNREACHABLE_CODE = YES;
				CLANG_WARN__DUPLICATE_METHOD_MATCH = YES;
				"CODE_SIGN_IDENTITY[sdk=iphoneos*]" = "iPhone Developer";
				COPY_PHASE_STRIP = NO;
				DEBUG_INFORMATION_FORMAT = "dwarf-with-dsym";
				ENABLE_NS_ASSERTIONS = NO;
				ENABLE_STRICT_OBJC_MSGSEND = YES;
				GCC_C_LANGUAGE_STANDARD = gnu99;
				GCC_NO_COMMON_BLOCKS = YES;
				GCC_WARN_64_TO_32_BIT_CONVERSION = YES;
				GCC_WARN_ABOUT_RETURN_TYPE = YES_ERROR;
				GCC_WARN_UNDECLARED_SELECTOR = YES;
				GCC_WARN_UNINITIALIZED_AUTOS = YES_AGGRESSIVE;
				GCC_WARN_UNUSED_FUNCTION = YES;
				GCC_WARN_UNUSED_VARIABLE = YES;
				IPHONEOS_DEPLOYMENT_TARGET = 8.3;
				MTL_ENABLE_DEBUG_INFO = NO;
				PRODUCT_NAME = York;
				SDKROOT = iphoneos;
				VALIDATE_PRODUCT = YES;
			};
			name = Release;
		};
		607FACF01AFB9204008FA782 /* Debug */ = {
			isa = XCBuildConfiguration;
			baseConfigurationReference = 2CB95DBF5676518A5D7ECA76 /* Pods-York_Example.debug.xcconfig */;
			buildSettings = {
				ASSETCATALOG_COMPILER_APPICON_NAME = AppIcon;
				INFOPLIST_FILE = York/Info.plist;
				LD_RUNPATH_SEARCH_PATHS = "$(inherited) @executable_path/Frameworks";
				MODULE_NAME = ExampleApp;
				PRODUCT_BUNDLE_IDENTIFIER = "org.cocoapods.demo.$(PRODUCT_NAME:rfc1034identifier)";
				PRODUCT_NAME = "$(TARGET_NAME)";
			};
			name = Debug;
		};
		607FACF11AFB9204008FA782 /* Release */ = {
			isa = XCBuildConfiguration;
			baseConfigurationReference = 486499EF4230042C03762DE7 /* Pods-York_Example.release.xcconfig */;
			buildSettings = {
				ASSETCATALOG_COMPILER_APPICON_NAME = AppIcon;
				INFOPLIST_FILE = York/Info.plist;
				LD_RUNPATH_SEARCH_PATHS = "$(inherited) @executable_path/Frameworks";
				MODULE_NAME = ExampleApp;
				PRODUCT_BUNDLE_IDENTIFIER = "org.cocoapods.demo.$(PRODUCT_NAME:rfc1034identifier)";
				PRODUCT_NAME = "$(TARGET_NAME)";
			};
			name = Release;
		};
		607FACF31AFB9204008FA782 /* Debug */ = {
			isa = XCBuildConfiguration;
			baseConfigurationReference = 8817A2B73E87C1E6C6ED0D28 /* Pods-York_Tests.debug.xcconfig */;
			buildSettings = {
				FRAMEWORK_SEARCH_PATHS = (
					"$(SDKROOT)/Developer/Library/Frameworks",
					"$(inherited)",
				);
				GCC_PREPROCESSOR_DEFINITIONS = (
					"DEBUG=1",
					"$(inherited)",
				);
				INFOPLIST_FILE = Tests/Info.plist;
				LD_RUNPATH_SEARCH_PATHS = "$(inherited) @executable_path/Frameworks @loader_path/Frameworks";
				PRODUCT_BUNDLE_IDENTIFIER = "org.cocoapods.$(PRODUCT_NAME:rfc1034identifier)";
				PRODUCT_NAME = "$(TARGET_NAME)";
			};
			name = Debug;
		};
		607FACF41AFB9204008FA782 /* Release */ = {
			isa = XCBuildConfiguration;
			baseConfigurationReference = 871841B52E6BB135F7E31A0C /* Pods-York_Tests.release.xcconfig */;
			buildSettings = {
				FRAMEWORK_SEARCH_PATHS = (
					"$(SDKROOT)/Developer/Library/Frameworks",
					"$(inherited)",
				);
				INFOPLIST_FILE = Tests/Info.plist;
				LD_RUNPATH_SEARCH_PATHS = "$(inherited) @executable_path/Frameworks @loader_path/Frameworks";
				PRODUCT_BUNDLE_IDENTIFIER = "org.cocoapods.$(PRODUCT_NAME:rfc1034identifier)";
				PRODUCT_NAME = "$(TARGET_NAME)";
			};
			name = Release;
		};
/* End XCBuildConfiguration section */

/* Begin XCConfigurationList section */
		607FACCB1AFB9204008FA782 /* Build configuration list for PBXProject "York" */ = {
			isa = XCConfigurationList;
			buildConfigurations = (
				607FACED1AFB9204008FA782 /* Debug */,
				607FACEE1AFB9204008FA782 /* Release */,
			);
			defaultConfigurationIsVisible = 0;
			defaultConfigurationName = Release;
		};
		607FACEF1AFB9204008FA782 /* Build configuration list for PBXNativeTarget "York_Example" */ = {
			isa = XCConfigurationList;
			buildConfigurations = (
				607FACF01AFB9204008FA782 /* Debug */,
				607FACF11AFB9204008FA782 /* Release */,
			);
			defaultConfigurationIsVisible = 0;
			defaultConfigurationName = Release;
		};
		607FACF21AFB9204008FA782 /* Build configuration list for PBXNativeTarget "York_Tests" */ = {
			isa = XCConfigurationList;
			buildConfigurations = (
				607FACF31AFB9204008FA782 /* Debug */,
				607FACF41AFB9204008FA782 /* Release */,
			);
			defaultConfigurationIsVisible = 0;
			defaultConfigurationName = Release;
		};
/* End XCConfigurationList section */

/* Begin XCVersionGroup section */
		34EFE1F21CCE819700264D0E /* YorkTests.xcdatamodeld */ = {
			isa = XCVersionGroup;
			children = (
				34EFE1F31CCE819700264D0E /* YorkTests.xcdatamodel */,
			);
			currentVersion = 34EFE1F31CCE819700264D0E /* YorkTests.xcdatamodel */;
			path = YorkTests.xcdatamodeld;
			sourceTree = "<group>";
			versionGroupType = wrapper.xcdatamodel;
		};
/* End XCVersionGroup section */
	};
	rootObject = 607FACC81AFB9204008FA782 /* Project object */;
}
